
Microsoft Visual Studio Solution File, Format Version 12.00
# Visual Studio 15
VisualStudioVersion = 15.0.28010.2003
MinimumVisualStudioVersion = 10.0.40219.1
Project("{9A19103F-16F7-4668-BE54-9A1E7A4F7556}") = "MistralTrialAPI", "MistralTrialAPI\MistralTrialAPI.csproj", "{A7B08E10-DC6A-477D-AA4D-8E842F84F163}"
EndProject
Project("{FAE04EC0-301F-11D3-BF4B-00C04F79EFBC}") = "MistralTrialWeb", "MistralTrialWeb\MistralTrialWeb.csproj", "{99EF6549-E088-4921-B2D5-27931B5423ED}"
EndProject
Global
	GlobalSection(SolutionConfigurationPlatforms) = preSolution
		Debug|Any CPU = Debug|Any CPU
		Release|Any CPU = Release|Any CPU
	EndGlobalSection
	GlobalSection(ProjectConfigurationPlatforms) = postSolution
		{A7B08E10-DC6A-477D-AA4D-8E842F84F163}.Debug|Any CPU.ActiveCfg = Debug|Any CPU
		{A7B08E10-DC6A-477D-AA4D-8E842F84F163}.Debug|Any CPU.Build.0 = Debug|Any CPU
		{A7B08E10-DC6A-477D-AA4D-8E842F84F163}.Release|Any CPU.ActiveCfg = Release|Any CPU
		{A7B08E10-DC6A-477D-AA4D-8E842F84F163}.Release|Any CPU.Build.0 = Release|Any CPU
		{99EF6549-E088-4921-B2D5-27931B5423ED}.Debug|Any CPU.ActiveCfg = Debug|Any CPU
		{99EF6549-E088-4921-B2D5-27931B5423ED}.Debug|Any CPU.Build.0 = Debug|Any CPU
		{99EF6549-E088-4921-B2D5-27931B5423ED}.Release|Any CPU.ActiveCfg = Release|Any CPU
		{99EF6549-E088-4921-B2D5-27931B5423ED}.Release|Any CPU.Build.0 = Release|Any CPU
	EndGlobalSection
	GlobalSection(SolutionProperties) = preSolution
		HideSolutionNode = FALSE
	EndGlobalSection
	GlobalSection(ExtensibilityGlobals) = postSolution
		SolutionGuid = {52C7EBD1-6A1C-452A-90D5-D0A5CD946319}
	EndGlobalSection
EndGlobal
